{
  "version": 4,
  "terraform_version": "1.1.6",
  "serial": 40,
  "lineage": "f1503980-4c5a-d204-c0ec-d607ab90a829",
  "outputs": {
    "url_api_gateway": {
      "value": "https://62h8ssdd61.execute-api.us-east-1.amazonaws.com/",
      "type": "string"
    },
    "url_api_gateway_path": {
      "value": "/echoserver",
      "type": "string"
    },
    "url_api_gateway_stage": {
      "value": "https://62h8ssdd61.execute-api.us-east-1.amazonaws.com/apiLambdaStageNew",
      "type": "string"
    }
  },
  "resources": [
    {
      "mode": "data",
      "type": "archive_file",
      "name": "lambda_echo",
      "provider": "provider[\"registry.terraform.io/hashicorp/archive\"]",
      "instances": [
        {
          "schema_version": 0,
          "attributes": {
            "excludes": null,
            "id": "259fee291531ec2df12d37219fb96a65d974d322",
            "output_base64sha256": "Z28m/KQc2IHUSJJZ01YEKeErlCzyIV1AovJ+j6ITzEg=",
            "output_file_mode": null,
            "output_md5": "c94e5d5331180366ce5bc237ea76206e",
            "output_path": "lambda.zip",
            "output_sha": "259fee291531ec2df12d37219fb96a65d974d322",
            "output_size": 399,
            "source": [],
            "source_content": null,
            "source_content_filename": null,
            "source_dir": "lambda",
            "source_file": null,
            "type": "zip"
          },
          "sensitive_attributes": []
        }
      ]
    },
    {
      "mode": "managed",
      "type": "aws_api_gateway_deployment",
      "name": "lambda_deployment_new",
      "provider": "provider[\"registry.terraform.io/hashicorp/aws\"]",
      "instances": [
        {
          "schema_version": 0,
          "attributes": {
            "created_date": "2022-03-03T11:22:41Z",
            "description": "",
            "execution_arn": "arn:aws:execute-api:us-east-1::62h8ssdd61/",
            "id": "f97wnthuhd",
            "invoke_url": "https://62h8ssdd61.execute-api.us-east-1.amazonaws.com/",
            "rest_api_id": "62h8ssdd61",
            "stage_description": null,
            "stage_name": null,
            "triggers": {
              "redeployment": "a68ccb2cadec62b1fe493277fe77c3b06b867ca6"
            },
            "variables": null
          },
          "sensitive_attributes": [],
          "private": "bnVsbA==",
          "dependencies": [
            "aws_api_gateway_integration.lambda_integration_new",
            "aws_api_gateway_method.lambda_method_new",
            "aws_api_gateway_resource.lambda_resource_new",
            "aws_api_gateway_rest_api.api_lambda_new",
            "aws_iam_role.lambda_role2",
            "aws_lambda_function.echo_function",
            "data.archive_file.lambda_echo"
          ],
          "create_before_destroy": true
        }
      ]
    },
    {
      "mode": "managed",
      "type": "aws_api_gateway_integration",
      "name": "lambda_integration_new",
      "provider": "provider[\"registry.terraform.io/hashicorp/aws\"]",
      "instances": [
        {
          "schema_version": 0,
          "attributes": {
            "cache_key_parameters": [],
            "cache_namespace": "6f9c01ef",
            "connection_id": "",
            "connection_type": "INTERNET",
            "content_handling": "",
            "credentials": "",
            "http_method": "POST",
            "id": "agi-62h8ssdd61-zhojrev9zf-POST",
            "integration_http_method": "POST",
            "passthrough_behavior": "WHEN_NO_MATCH",
            "request_parameters": {},
            "request_templates": {},
            "resource_id": "zhojrev9zf",
            "rest_api_id": "62h8ssdd61",
            "timeout_milliseconds": 29000,
            "tls_config": [],
            "type": "AWS_PROXY",
            "uri": "arn:aws:apigateway:us-east-1:lambda:path/2015-03-31/functions/arn:aws:lambda:us-east-1:000000000000:function:echoFunctionNew/invocations"
          },
          "sensitive_attributes": [],
          "private": "bnVsbA==",
          "dependencies": [
            "aws_api_gateway_method.lambda_method_new",
            "aws_api_gateway_resource.lambda_resource_new",
            "aws_api_gateway_rest_api.api_lambda_new",
            "aws_iam_role.lambda_role2",
            "aws_lambda_function.echo_function",
            "data.archive_file.lambda_echo"
          ],
          "create_before_destroy": true
        }
      ]
    },
    {
      "mode": "managed",
      "type": "aws_api_gateway_method",
      "name": "lambda_method_new",
      "provider": "provider[\"registry.terraform.io/hashicorp/aws\"]",
      "instances": [
        {
          "schema_version": 0,
          "attributes": {
            "api_key_required": false,
            "authorization": "NONE",
            "authorization_scopes": [],
            "authorizer_id": "",
            "http_method": "POST",
            "id": "agm-62h8ssdd61-zhojrev9zf-POST",
            "operation_name": "",
            "request_models": {},
            "request_parameters": {},
            "request_validator_id": "",
            "resource_id": "zhojrev9zf",
            "rest_api_id": "62h8ssdd61"
          },
          "sensitive_attributes": [],
          "private": "bnVsbA==",
          "dependencies": [
            "aws_api_gateway_resource.lambda_resource_new",
            "aws_api_gateway_rest_api.api_lambda_new"
          ],
          "create_before_destroy": true
        }
      ]
    },
    {
      "mode": "managed",
      "type": "aws_api_gateway_resource",
      "name": "lambda_resource_new",
      "provider": "provider[\"registry.terraform.io/hashicorp/aws\"]",
      "instances": [
        {
          "schema_version": 0,
          "attributes": {
            "id": "zhojrev9zf",
            "parent_id": "fbfwj624n0",
            "path": "/echoserver",
            "path_part": "echoserver",
            "rest_api_id": "62h8ssdd61"
          },
          "sensitive_attributes": [],
          "private": "bnVsbA==",
          "dependencies": [
            "aws_api_gateway_rest_api.api_lambda_new"
          ],
          "create_before_destroy": true
        }
      ]
    },
    {
      "mode": "managed",
      "type": "aws_api_gateway_rest_api",
      "name": "api_lambda_new",
      "provider": "provider[\"registry.terraform.io/hashicorp/aws\"]",
      "instances": [
        {
          "schema_version": 0,
          "attributes": {
            "api_key_source": "HEADER",
            "arn": "arn:aws:apigateway:us-east-1::/restapis/62h8ssdd61",
            "binary_media_types": [],
            "body": null,
            "created_date": "2022-03-03T11:08:39Z",
            "description": "",
            "disable_execute_api_endpoint": false,
            "endpoint_configuration": [
              {
                "types": [
                  "EDGE"
                ],
                "vpc_endpoint_ids": []
              }
            ],
            "execution_arn": "arn:aws:execute-api:us-east-1::62h8ssdd61",
            "id": "62h8ssdd61",
            "minimum_compression_size": -1,
            "name": "apiLambdaNew",
            "parameters": null,
            "policy": "",
            "root_resource_id": "fbfwj624n0",
            "tags": {},
            "tags_all": {}
          },
          "sensitive_attributes": [],
          "private": "bnVsbA==",
          "create_before_destroy": true
        }
      ]
    },
    {
      "mode": "managed",
      "type": "aws_api_gateway_stage",
      "name": "example",
      "provider": "provider[\"registry.terraform.io/hashicorp/aws\"]",
      "instances": [
        {
          "schema_version": 0,
          "attributes": {
            "access_log_settings": [],
            "arn": "arn:aws:apigateway:us-east-1::/restapis/62h8ssdd61/stages/apiLambdaStageNew",
            "cache_cluster_enabled": false,
            "cache_cluster_size": "",
            "client_certificate_id": "",
            "deployment_id": "f97wnthuhd",
            "description": "",
            "documentation_version": "",
            "execution_arn": "arn:aws:execute-api:us-east-1::62h8ssdd61/apiLambdaStageNew",
            "id": "ags-62h8ssdd61-apiLambdaStageNew",
            "invoke_url": "https://62h8ssdd61.execute-api.us-east-1.amazonaws.com/apiLambdaStageNew",
            "rest_api_id": "62h8ssdd61",
            "stage_name": "apiLambdaStageNew",
            "tags": {},
            "tags_all": {},
            "variables": {},
            "web_acl_arn": "",
            "xray_tracing_enabled": false
          },
          "sensitive_attributes": [],
          "private": "bnVsbA==",
          "dependencies": [
            "aws_api_gateway_deployment.lambda_deployment_new",
            "aws_api_gateway_integration.lambda_integration_new",
            "aws_api_gateway_method.lambda_method_new",
            "aws_api_gateway_resource.lambda_resource_new",
            "aws_api_gateway_rest_api.api_lambda_new",
            "aws_iam_role.lambda_role2",
            "aws_lambda_function.echo_function",
            "data.archive_file.lambda_echo"
          ]
        }
      ]
    },
    {
      "mode": "managed",
      "type": "aws_iam_role",
      "name": "lambda_role2",
      "provider": "provider[\"registry.terraform.io/hashicorp/aws\"]",
      "instances": [
        {
          "schema_version": 0,
          "attributes": {
            "arn": "arn:aws:iam::465825168866:role/serverless_lambda_new4",
            "assume_role_policy": "{\"Version\":\"2012-10-17\",\"Statement\":[{\"Sid\":\"\",\"Effect\":\"Allow\",\"Principal\":{\"Service\":\"lambda.amazonaws.com\"},\"Action\":\"sts:AssumeRole\"}]}",
            "create_date": "2022-03-03T11:09:36Z",
            "description": "",
            "force_detach_policies": false,
            "id": "serverless_lambda_new4",
            "inline_policy": [
              {
                "name": "",
                "policy": ""
              }
            ],
            "managed_policy_arns": [],
            "max_session_duration": 3600,
            "name": "serverless_lambda_new4",
            "name_prefix": "",
            "path": "/",
            "permissions_boundary": null,
            "tags": {},
            "tags_all": {},
            "unique_id": "AROAWY5KX7XRKVHAT6IR3"
          },
          "sensitive_attributes": [],
          "private": "bnVsbA==",
          "create_before_destroy": true
        }
      ]
    },
    {
      "mode": "managed",
      "type": "aws_lambda_function",
      "name": "echo_function",
      "provider": "provider[\"registry.terraform.io/hashicorp/aws\"]",
      "instances": [
        {
          "schema_version": 0,
          "attributes": {
            "architectures": [
              "x86_64"
            ],
            "arn": "arn:aws:lambda:us-east-1:000000000000:function:echoFunctionNew",
            "code_signing_config_arn": "",
            "dead_letter_config": [],
            "description": "",
            "environment": [],
            "file_system_config": [],
            "filename": "lambda.zip",
            "function_name": "echoFunctionNew",
            "handler": "lambda.handler",
            "id": "echoFunctionNew",
            "image_config": [],
            "image_uri": "",
            "invoke_arn": "arn:aws:apigateway:us-east-1:lambda:path/2015-03-31/functions/arn:aws:lambda:us-east-1:000000000000:function:echoFunctionNew/invocations",
            "kms_key_arn": "",
            "last_modified": "2022-03-03T12:26:16.688+0000",
            "layers": [],
            "memory_size": 128,
            "package_type": "Zip",
            "publish": false,
            "qualified_arn": "arn:aws:lambda:us-east-1:000000000000:function:echoFunctionNew:$LATEST",
            "reserved_concurrent_executions": -1,
            "role": "arn:aws:iam::465825168866:role/serverless_lambda_new4",
            "runtime": "nodejs14.x",
            "s3_bucket": null,
            "s3_key": null,
            "s3_object_version": null,
            "signing_job_arn": "",
            "signing_profile_version_arn": "",
            "source_code_hash": "KEP5UXhf+GNsI5LBpnVzg2xeyk1TbPc9nSCBjM2EyLo=",
            "source_code_size": 365,
            "tags": {},
            "tags_all": {},
            "timeout": 3,
            "timeouts": null,
            "tracing_config": [
              {
                "mode": "PassThrough"
              }
            ],
            "version": "$LATEST",
            "vpc_config": []
          },
          "sensitive_attributes": [],
          "private": "eyJlMmJmYjczMC1lY2FhLTExZTYtOGY4OC0zNDM2M2JjN2M0YzAiOnsiY3JlYXRlIjo2MDAwMDAwMDAwMDB9fQ==",
          "dependencies": [
            "aws_iam_role.lambda_role2",
            "data.archive_file.lambda_echo"
          ]
        }
      ]
    },
    {
      "mode": "managed",
      "type": "aws_lambda_permission",
      "name": "api_gw",
      "provider": "provider[\"registry.terraform.io/hashicorp/aws\"]",
      "instances": [
        {
          "schema_version": 0,
          "attributes": {
            "action": "lambda:InvokeFunction",
            "event_source_token": null,
            "function_name": "echoFunctionNew",
            "id": "AllowExecutionFromAPIGateway",
            "principal": "apigateway.amazonaws.com",
            "qualifier": "",
            "source_account": null,
            "source_arn": "arn:aws:execute-api:us-east-1::62h8ssdd61/*/*",
            "statement_id": "AllowExecutionFromAPIGateway",
            "statement_id_prefix": null
          },
          "sensitive_attributes": [],
          "private": "bnVsbA==",
          "dependencies": [
            "aws_api_gateway_rest_api.api_lambda_new",
            "aws_iam_role.lambda_role2",
            "aws_lambda_function.echo_function",
            "data.archive_file.lambda_echo"
          ]
        }
      ]
    }
  ]
}
